
Microsoft Visual Studio Solution File, Format Version 12.00
# Visual Studio Version 17
VisualStudioVersion = 17.11.35312.102
MinimumVisualStudioVersion = 10.0.40219.1
Project("{9A19103F-16F7-4668-BE54-9A1E7A4F7556}") = "oaiUI", "OaiUI\oaiUI.csproj", "{AB47A1CC-420B-431A-B6AB-A156D39DA7CA}"
EndProject
Project("{FAE04EC0-301F-11D3-BF4B-00C04F79EFBC}") = "oaiEmbed", "oaiEmbed\oaiEmbed.csproj", "{4105615F-41B0-4668-BF12-ED59EAFECD7F}"
EndProject
Project("{FAE04EC0-301F-11D3-BF4B-00C04F79EFBC}") = "oaiVectorStore", "oaiVectorStore\oaiVectorStore.csproj", "{FA85A0C7-AAF3-4D73-960A-FEAD95812ED3}"
EndProject
Global
	GlobalSection(SolutionConfigurationPlatforms) = preSolution
		Debug|Any CPU = Debug|Any CPU
		Release|Any CPU = Release|Any CPU
	EndGlobalSection
	GlobalSection(ProjectConfigurationPlatforms) = postSolution
		{AB47A1CC-420B-431A-B6AB-A156D39DA7CA}.Debug|Any CPU.ActiveCfg = Debug|Any CPU
		{AB47A1CC-420B-431A-B6AB-A156D39DA7CA}.Debug|Any CPU.Build.0 = Debug|Any CPU
		{AB47A1CC-420B-431A-B6AB-A156D39DA7CA}.Release|Any CPU.ActiveCfg = Release|Any CPU
		{AB47A1CC-420B-431A-B6AB-A156D39DA7CA}.Release|Any CPU.Build.0 = Release|Any CPU
		{4105615F-41B0-4668-BF12-ED59EAFECD7F}.Debug|Any CPU.ActiveCfg = Debug|Any CPU
		{4105615F-41B0-4668-BF12-ED59EAFECD7F}.Debug|Any CPU.Build.0 = Debug|Any CPU
		{4105615F-41B0-4668-BF12-ED59EAFECD7F}.Release|Any CPU.ActiveCfg = Release|Any CPU
		{4105615F-41B0-4668-BF12-ED59EAFECD7F}.Release|Any CPU.Build.0 = Release|Any CPU
		{FA85A0C7-AAF3-4D73-960A-FEAD95812ED3}.Debug|Any CPU.ActiveCfg = Debug|Any CPU
		{FA85A0C7-AAF3-4D73-960A-FEAD95812ED3}.Debug|Any CPU.Build.0 = Debug|Any CPU
		{FA85A0C7-AAF3-4D73-960A-FEAD95812ED3}.Release|Any CPU.ActiveCfg = Release|Any CPU
		{FA85A0C7-AAF3-4D73-960A-FEAD95812ED3}.Release|Any CPU.Build.0 = Release|Any CPU
	EndGlobalSection
	GlobalSection(SolutionProperties) = preSolution
		HideSolutionNode = FALSE
	EndGlobalSection
	GlobalSection(ExtensibilityGlobals) = postSolution
		SolutionGuid = {C0C89143-7E2F-41DD-BD67-F5BC7DB6BB4B}
	EndGlobalSection
EndGlobal
