
Microsoft Visual Studio Solution File, Format Version 12.00
# Visual Studio Version 17
VisualStudioVersion = 17.11.35312.102
MinimumVisualStudioVersion = 10.0.40219.1
Project("{9A19103F-16F7-4668-BE54-9A1E7A4F7556}") = "oaiUI", "OaiUI\oaiUI.csproj", "{AB47A1CC-420B-431A-B6AB-A156D39DA7CA}"
EndProject
Project("{9A19103F-16F7-4668-BE54-9A1E7A4F7556}") = "oaiVectorStore", "oaiVectorStore\oaiVectorStore.csproj", "{FA85A0C7-AAF3-4D73-960A-FEAD95812ED3}"
EndProject
Project("{9A19103F-16F7-4668-BE54-9A1E7A4F7556}") = "UnitTests", "UnitTests\UnitTests.csproj", "{E0724151-FEA3-4332-87A9-BC75974A5AD8}"
EndProject
Project("{9A19103F-16F7-4668-BE54-9A1E7A4F7556}") = "DocXHandler", "DocX\DocXHandler.csproj", "{18AB0575-29AB-4D4D-B946-315A3C26DB18}"
EndProject
Project("{9A19103F-16F7-4668-BE54-9A1E7A4F7556}") = "MimeTypes", "MimeTypes\MimeTypes.csproj", "{6C0E9A4F-8A3C-40DC-A03C-D2A58ABB9536}"
EndProject
Project("{D954291E-2A0B-460D-934E-DC6B0785DB48}") = "SeriLogShared", "LogCtx\SeriLogShared\SeriLogShared.shproj", "{20D441B5-5A67-4BD2-85AB-5B8A98D1F907}"
EndProject
Project("{2150E333-8FDC-42A3-9474-1A3956D46DE8}") = "Shared", "Shared", "{53AFF8FD-EBC6-4A3D-8E96-27201177A44C}"
EndProject
Project("{D954291E-2A0B-460D-934E-DC6B0785DB48}") = "LogCtxShared", "LogCtx\LogCtxShared\LogCtxShared.shproj", "{7EC4223B-6D17-4608-816E-CD1E6A5411D9}"
EndProject
Project("{D954291E-2A0B-460D-934E-DC6B0785DB48}") = "NLogShared", "LogCtx\NLogShared\NLogShared.shproj", "{EBBB11C7-70A0-41D7-A255-5F47E6F30091}"
EndProject
Global
	GlobalSection(SolutionConfigurationPlatforms) = preSolution
		Debug|Any CPU = Debug|Any CPU
		Release|Any CPU = Release|Any CPU
	EndGlobalSection
	GlobalSection(ProjectConfigurationPlatforms) = postSolution
		{AB47A1CC-420B-431A-B6AB-A156D39DA7CA}.Debug|Any CPU.ActiveCfg = Debug|Any CPU
		{AB47A1CC-420B-431A-B6AB-A156D39DA7CA}.Debug|Any CPU.Build.0 = Debug|Any CPU
		{AB47A1CC-420B-431A-B6AB-A156D39DA7CA}.Release|Any CPU.ActiveCfg = Release|Any CPU
		{AB47A1CC-420B-431A-B6AB-A156D39DA7CA}.Release|Any CPU.Build.0 = Release|Any CPU
		{FA85A0C7-AAF3-4D73-960A-FEAD95812ED3}.Debug|Any CPU.ActiveCfg = Debug|Any CPU
		{FA85A0C7-AAF3-4D73-960A-FEAD95812ED3}.Debug|Any CPU.Build.0 = Debug|Any CPU
		{FA85A0C7-AAF3-4D73-960A-FEAD95812ED3}.Release|Any CPU.ActiveCfg = Release|Any CPU
		{FA85A0C7-AAF3-4D73-960A-FEAD95812ED3}.Release|Any CPU.Build.0 = Release|Any CPU
		{E0724151-FEA3-4332-87A9-BC75974A5AD8}.Debug|Any CPU.ActiveCfg = Debug|Any CPU
		{E0724151-FEA3-4332-87A9-BC75974A5AD8}.Debug|Any CPU.Build.0 = Debug|Any CPU
		{E0724151-FEA3-4332-87A9-BC75974A5AD8}.Release|Any CPU.ActiveCfg = Release|Any CPU
		{E0724151-FEA3-4332-87A9-BC75974A5AD8}.Release|Any CPU.Build.0 = Release|Any CPU
		{18AB0575-29AB-4D4D-B946-315A3C26DB18}.Debug|Any CPU.ActiveCfg = Debug|Any CPU
		{18AB0575-29AB-4D4D-B946-315A3C26DB18}.Debug|Any CPU.Build.0 = Debug|Any CPU
		{18AB0575-29AB-4D4D-B946-315A3C26DB18}.Release|Any CPU.ActiveCfg = Release|Any CPU
		{18AB0575-29AB-4D4D-B946-315A3C26DB18}.Release|Any CPU.Build.0 = Release|Any CPU
		{6C0E9A4F-8A3C-40DC-A03C-D2A58ABB9536}.Debug|Any CPU.ActiveCfg = Debug|Any CPU
		{6C0E9A4F-8A3C-40DC-A03C-D2A58ABB9536}.Debug|Any CPU.Build.0 = Debug|Any CPU
		{6C0E9A4F-8A3C-40DC-A03C-D2A58ABB9536}.Release|Any CPU.ActiveCfg = Release|Any CPU
		{6C0E9A4F-8A3C-40DC-A03C-D2A58ABB9536}.Release|Any CPU.Build.0 = Release|Any CPU
	EndGlobalSection
	GlobalSection(SolutionProperties) = preSolution
		HideSolutionNode = FALSE
	EndGlobalSection
	GlobalSection(NestedProjects) = preSolution
		{20D441B5-5A67-4BD2-85AB-5B8A98D1F907} = {53AFF8FD-EBC6-4A3D-8E96-27201177A44C}
		{7EC4223B-6D17-4608-816E-CD1E6A5411D9} = {53AFF8FD-EBC6-4A3D-8E96-27201177A44C}
		{EBBB11C7-70A0-41D7-A255-5F47E6F30091} = {53AFF8FD-EBC6-4A3D-8E96-27201177A44C}
	EndGlobalSection
	GlobalSection(ExtensibilityGlobals) = postSolution
		SolutionGuid = {C0C89143-7E2F-41DD-BD67-F5BC7DB6BB4B}
	EndGlobalSection
	GlobalSection(SharedMSBuildProjectFiles) = preSolution
		LogCtx\SeriLogShared\SeriLogShared.projitems*{20d441b5-5a67-4bd2-85ab-5b8a98d1f907}*SharedItemsImports = 13
		LogCtx\LogCtxShared\LogCtxShared.projitems*{7ec4223b-6d17-4608-816e-cd1e6a5411d9}*SharedItemsImports = 13
		LogCtx\LogCtxShared\LogCtxShared.projitems*{ab47a1cc-420b-431a-b6ab-a156d39da7ca}*SharedItemsImports = 5
		LogCtx\SeriLogShared\SeriLogShared.projitems*{ab47a1cc-420b-431a-b6ab-a156d39da7ca}*SharedItemsImports = 5
		LogCtx\LogCtxShared\LogCtxShared.projitems*{e0724151-fea3-4332-87a9-bc75974a5ad8}*SharedItemsImports = 5
		LogCtx\NLogShared\NLogShared.projitems*{e0724151-fea3-4332-87a9-bc75974a5ad8}*SharedItemsImports = 5
		LogCtx\SeriLogShared\SeriLogShared.projitems*{e0724151-fea3-4332-87a9-bc75974a5ad8}*SharedItemsImports = 5
		LogCtx\NLogShared\NLogShared.projitems*{ebbb11c7-70a0-41d7-a255-5f47e6f30091}*SharedItemsImports = 13
	EndGlobalSection
EndGlobal
