
Microsoft Visual Studio Solution File, Format Version 12.00
# Visual Studio Version 17
VisualStudioVersion = 17.11.35312.102
MinimumVisualStudioVersion = 10.0.40219.1
Project("{9A19103F-16F7-4668-BE54-9A1E7A4F7556}") = "oaiUI", "OaiUI\oaiUI.csproj", "{AB47A1CC-420B-431A-B6AB-A156D39DA7CA}"
EndProject
Project("{9A19103F-16F7-4668-BE54-9A1E7A4F7556}") = "oaiVectorStore", "oaiVectorStore\oaiVectorStore.csproj", "{FA85A0C7-AAF3-4D73-960A-FEAD95812ED3}"
EndProject
Project("{9A19103F-16F7-4668-BE54-9A1E7A4F7556}") = "UnitTests", "UnitTests\UnitTests.csproj", "{E0724151-FEA3-4332-87A9-BC75974A5AD8}"
EndProject
Project("{FAE04EC0-301F-11D3-BF4B-00C04F79EFBC}") = "DocXHandler", "DocX\DocXHandler.csproj", "{18AB0575-29AB-4D4D-B946-315A3C26DB18}"
EndProject
Project("{FAE04EC0-301F-11D3-BF4B-00C04F79EFBC}") = "MimeTypes", "MimeTypes\MimeTypes.csproj", "{6C0E9A4F-8A3C-40DC-A03C-D2A58ABB9536}"
EndProject
Global
	GlobalSection(SolutionConfigurationPlatforms) = preSolution
		Debug|Any CPU = Debug|Any CPU
		Release|Any CPU = Release|Any CPU
	EndGlobalSection
	GlobalSection(ProjectConfigurationPlatforms) = postSolution
		{AB47A1CC-420B-431A-B6AB-A156D39DA7CA}.Debug|Any CPU.ActiveCfg = Debug|Any CPU
		{AB47A1CC-420B-431A-B6AB-A156D39DA7CA}.Debug|Any CPU.Build.0 = Debug|Any CPU
		{AB47A1CC-420B-431A-B6AB-A156D39DA7CA}.Release|Any CPU.ActiveCfg = Release|Any CPU
		{AB47A1CC-420B-431A-B6AB-A156D39DA7CA}.Release|Any CPU.Build.0 = Release|Any CPU
		{FA85A0C7-AAF3-4D73-960A-FEAD95812ED3}.Debug|Any CPU.ActiveCfg = Debug|Any CPU
		{FA85A0C7-AAF3-4D73-960A-FEAD95812ED3}.Debug|Any CPU.Build.0 = Debug|Any CPU
		{FA85A0C7-AAF3-4D73-960A-FEAD95812ED3}.Release|Any CPU.ActiveCfg = Release|Any CPU
		{FA85A0C7-AAF3-4D73-960A-FEAD95812ED3}.Release|Any CPU.Build.0 = Release|Any CPU
		{E0724151-FEA3-4332-87A9-BC75974A5AD8}.Debug|Any CPU.ActiveCfg = Debug|Any CPU
		{E0724151-FEA3-4332-87A9-BC75974A5AD8}.Debug|Any CPU.Build.0 = Debug|Any CPU
		{E0724151-FEA3-4332-87A9-BC75974A5AD8}.Release|Any CPU.ActiveCfg = Release|Any CPU
		{E0724151-FEA3-4332-87A9-BC75974A5AD8}.Release|Any CPU.Build.0 = Release|Any CPU
		{18AB0575-29AB-4D4D-B946-315A3C26DB18}.Debug|Any CPU.ActiveCfg = Debug|Any CPU
		{18AB0575-29AB-4D4D-B946-315A3C26DB18}.Debug|Any CPU.Build.0 = Debug|Any CPU
		{18AB0575-29AB-4D4D-B946-315A3C26DB18}.Release|Any CPU.ActiveCfg = Release|Any CPU
		{18AB0575-29AB-4D4D-B946-315A3C26DB18}.Release|Any CPU.Build.0 = Release|Any CPU
		{6C0E9A4F-8A3C-40DC-A03C-D2A58ABB9536}.Debug|Any CPU.ActiveCfg = Debug|Any CPU
		{6C0E9A4F-8A3C-40DC-A03C-D2A58ABB9536}.Debug|Any CPU.Build.0 = Debug|Any CPU
		{6C0E9A4F-8A3C-40DC-A03C-D2A58ABB9536}.Release|Any CPU.ActiveCfg = Release|Any CPU
		{6C0E9A4F-8A3C-40DC-A03C-D2A58ABB9536}.Release|Any CPU.Build.0 = Release|Any CPU
	EndGlobalSection
	GlobalSection(SolutionProperties) = preSolution
		HideSolutionNode = FALSE
	EndGlobalSection
	GlobalSection(ExtensibilityGlobals) = postSolution
		SolutionGuid = {C0C89143-7E2F-41DD-BD67-F5BC7DB6BB4B}
	EndGlobalSection
EndGlobal
