
Microsoft Visual Studio Solution File, Format Version 12.00
# Visual Studio Version 18
VisualStudioVersion = 18.1.11312.151 d18.0
MinimumVisualStudioVersion = 10.0.40219.1
Project("{9A19103F-16F7-4668-BE54-9A1E7A4F7556}") = "Vectool.UI", "OaiUI\Vectool.UI.csproj", "{AB47A1CC-420B-431A-B6AB-A156D39DA7CA}"
EndProject
Project("{9A19103F-16F7-4668-BE54-9A1E7A4F7556}") = "UnitTests", "UnitTests\UnitTests.csproj", "{E0724151-FEA3-4332-87A9-BC75974A5AD8}"
EndProject
Project("{FAE04EC0-301F-11D3-BF4B-00C04F79EFBC}") = "Core", "Core\Core.csproj", "{4F752466-BF43-4D4B-800C-6E9221C9A4C4}"
EndProject
Project("{FAE04EC0-301F-11D3-BF4B-00C04F79EFBC}") = "Constants", "Constants\Constants.csproj", "{495F23F2-CA78-480D-9C08-4C4F8E3D2FC7}"
EndProject
Project("{FAE04EC0-301F-11D3-BF4B-00C04F79EFBC}") = "Handlers", "Handlers\Handlers.csproj", "{EA5EC58B-8B6D-9F33-85E4-12A35F2F2289}"
EndProject
Project("{FAE04EC0-301F-11D3-BF4B-00C04F79EFBC}") = "RecentFiles", "RecentFiles\RecentFiles.csproj", "{881709B0-A29F-3EBD-1621-4EB52F0313D1}"
EndProject
Project("{FAE04EC0-301F-11D3-BF4B-00C04F79EFBC}") = "Configuration", "Configuration\Configuration.csproj", "{4DC63F6D-F224-25D5-BB69-94B9DD95C085}"
EndProject
Project("{FAE04EC0-301F-11D3-BF4B-00C04F79EFBC}") = "Utils", "Utils\Utils.csproj", "{65B858B0-FA7C-8D60-ADB1-EB168B88825D}"
EndProject
Project("{2150E333-8FDC-42A3-9474-1A3956D46DE8}") = "Solution Items", "Solution Items", "{02EA681E-C7D8-13C7-8484-4AC65E1B71E8}"
	ProjectSection(SolutionItems) = preProject
		.editorconfig = .editorconfig
		.vtignore = .vtignore
		Directory.Build.props = Directory.Build.props
		OaiUI\bin\vectorStoreFolders.json = OaiUI\bin\vectorStoreFolders.json
	EndProjectSection
EndProject
Project("{FAE04EC0-301F-11D3-BF4B-00C04F79EFBC}") = "LogCtx", "LogCtx\LogCtx\LogCtx.csproj", "{816F716E-D1A4-20E6-068E-4A1C8F0CE378}"
EndProject
Project("{2150E333-8FDC-42A3-9474-1A3956D46DE8}") = "Export.Docx", "Export.Docx", "{903905F7-D8C4-8B2E-3599-70A1A5AE4161}"
EndProject
Project("{FAE04EC0-301F-11D3-BF4B-00C04F79EFBC}") = "VecTool.Export.Docx", "Export.Docx\VecTool.Export.Docx.csproj", "{0B53D0A6-BA48-4DAB-BD06-54DD91499542}"
EndProject
Project("{FAE04EC0-301F-11D3-BF4B-00C04F79EFBC}") = "VecTool.Export.Docx.Tests", "Export.Docx.Tests\VecTool.Export.Docx.Tests.csproj", "{14B4C883-1005-454C-9C33-9DFAE9D40E16}"
EndProject
Project("{2150E333-8FDC-42A3-9474-1A3956D46DE8}") = "Export.Pdf", "Export.Pdf", "{E596239B-AFCE-FD43-2970-6AFFB9D9876E}"
EndProject
Project("{FAE04EC0-301F-11D3-BF4B-00C04F79EFBC}") = "VecTool.Export.Pdf", "Export.Pdf\VecTool.Export.Pdf.csproj", "{7BF16523-2F88-4E37-B5D7-FB12CB4C6101}"
EndProject
Project("{2150E333-8FDC-42A3-9474-1A3956D46DE8}") = "VectorStore.OpenAI", "VectorStore.OpenAI", "{ADC03A9B-BA04-371B-72B1-70819D0F5BEB}"
EndProject
Project("{FAE04EC0-301F-11D3-BF4B-00C04F79EFBC}") = "VecTool.VectorStore.OpenAI", "VectorStore.OpenAI\VecTool.VectorStore.OpenAI.csproj", "{B1891A6A-2464-4B74-8505-B7E64CA502AE}"
EndProject
Project("{FAE04EC0-301F-11D3-BF4B-00C04F79EFBC}") = "VecTool.VectorStore.OpenAI.Tests", "VectorStore.OpenAI.Test\VecTool.VectorStore.OpenAI.Tests.csproj", "{80BB8B4D-12D4-09F7-E8D1-D22EE514024F}"
EndProject
Project("{FAE04EC0-301F-11D3-BF4B-00C04F79EFBC}") = "VecTool.Export.Pdf.Tests", "Export.Pdf.Test\VecTool.Export.Pdf.Tests.csproj", "{A3F2CEE0-75A9-B6D1-47DC-487E9484BE1D}"
EndProject
Global
	GlobalSection(SolutionConfigurationPlatforms) = preSolution
		Debug|Any CPU = Debug|Any CPU
		Debug|x64 = Debug|x64
		Debug|x86 = Debug|x86
		Release|Any CPU = Release|Any CPU
		Release|x64 = Release|x64
		Release|x86 = Release|x86
	EndGlobalSection
	GlobalSection(ProjectConfigurationPlatforms) = postSolution
		{AB47A1CC-420B-431A-B6AB-A156D39DA7CA}.Debug|Any CPU.ActiveCfg = Debug|Any CPU
		{AB47A1CC-420B-431A-B6AB-A156D39DA7CA}.Debug|Any CPU.Build.0 = Debug|Any CPU
		{AB47A1CC-420B-431A-B6AB-A156D39DA7CA}.Debug|x64.ActiveCfg = Debug|Any CPU
		{AB47A1CC-420B-431A-B6AB-A156D39DA7CA}.Debug|x64.Build.0 = Debug|Any CPU
		{AB47A1CC-420B-431A-B6AB-A156D39DA7CA}.Debug|x86.ActiveCfg = Debug|Any CPU
		{AB47A1CC-420B-431A-B6AB-A156D39DA7CA}.Debug|x86.Build.0 = Debug|Any CPU
		{AB47A1CC-420B-431A-B6AB-A156D39DA7CA}.Release|Any CPU.ActiveCfg = Release|Any CPU
		{AB47A1CC-420B-431A-B6AB-A156D39DA7CA}.Release|Any CPU.Build.0 = Release|Any CPU
		{AB47A1CC-420B-431A-B6AB-A156D39DA7CA}.Release|x64.ActiveCfg = Release|Any CPU
		{AB47A1CC-420B-431A-B6AB-A156D39DA7CA}.Release|x64.Build.0 = Release|Any CPU
		{AB47A1CC-420B-431A-B6AB-A156D39DA7CA}.Release|x86.ActiveCfg = Release|Any CPU
		{AB47A1CC-420B-431A-B6AB-A156D39DA7CA}.Release|x86.Build.0 = Release|Any CPU
		{E0724151-FEA3-4332-87A9-BC75974A5AD8}.Debug|Any CPU.ActiveCfg = Debug|Any CPU
		{E0724151-FEA3-4332-87A9-BC75974A5AD8}.Debug|Any CPU.Build.0 = Debug|Any CPU
		{E0724151-FEA3-4332-87A9-BC75974A5AD8}.Debug|x64.ActiveCfg = Debug|Any CPU
		{E0724151-FEA3-4332-87A9-BC75974A5AD8}.Debug|x64.Build.0 = Debug|Any CPU
		{E0724151-FEA3-4332-87A9-BC75974A5AD8}.Debug|x86.ActiveCfg = Debug|Any CPU
		{E0724151-FEA3-4332-87A9-BC75974A5AD8}.Debug|x86.Build.0 = Debug|Any CPU
		{E0724151-FEA3-4332-87A9-BC75974A5AD8}.Release|Any CPU.ActiveCfg = Release|Any CPU
		{E0724151-FEA3-4332-87A9-BC75974A5AD8}.Release|Any CPU.Build.0 = Release|Any CPU
		{E0724151-FEA3-4332-87A9-BC75974A5AD8}.Release|x64.ActiveCfg = Release|Any CPU
		{E0724151-FEA3-4332-87A9-BC75974A5AD8}.Release|x64.Build.0 = Release|Any CPU
		{E0724151-FEA3-4332-87A9-BC75974A5AD8}.Release|x86.ActiveCfg = Release|Any CPU
		{E0724151-FEA3-4332-87A9-BC75974A5AD8}.Release|x86.Build.0 = Release|Any CPU
		{4F752466-BF43-4D4B-800C-6E9221C9A4C4}.Debug|Any CPU.ActiveCfg = Debug|Any CPU
		{4F752466-BF43-4D4B-800C-6E9221C9A4C4}.Debug|Any CPU.Build.0 = Debug|Any CPU
		{4F752466-BF43-4D4B-800C-6E9221C9A4C4}.Debug|x64.ActiveCfg = Debug|Any CPU
		{4F752466-BF43-4D4B-800C-6E9221C9A4C4}.Debug|x64.Build.0 = Debug|Any CPU
		{4F752466-BF43-4D4B-800C-6E9221C9A4C4}.Debug|x86.ActiveCfg = Debug|Any CPU
		{4F752466-BF43-4D4B-800C-6E9221C9A4C4}.Debug|x86.Build.0 = Debug|Any CPU
		{4F752466-BF43-4D4B-800C-6E9221C9A4C4}.Release|Any CPU.ActiveCfg = Release|Any CPU
		{4F752466-BF43-4D4B-800C-6E9221C9A4C4}.Release|Any CPU.Build.0 = Release|Any CPU
		{4F752466-BF43-4D4B-800C-6E9221C9A4C4}.Release|x64.ActiveCfg = Release|Any CPU
		{4F752466-BF43-4D4B-800C-6E9221C9A4C4}.Release|x64.Build.0 = Release|Any CPU
		{4F752466-BF43-4D4B-800C-6E9221C9A4C4}.Release|x86.ActiveCfg = Release|Any CPU
		{4F752466-BF43-4D4B-800C-6E9221C9A4C4}.Release|x86.Build.0 = Release|Any CPU
		{495F23F2-CA78-480D-9C08-4C4F8E3D2FC7}.Debug|Any CPU.ActiveCfg = Debug|Any CPU
		{495F23F2-CA78-480D-9C08-4C4F8E3D2FC7}.Debug|Any CPU.Build.0 = Debug|Any CPU
		{495F23F2-CA78-480D-9C08-4C4F8E3D2FC7}.Debug|x64.ActiveCfg = Debug|Any CPU
		{495F23F2-CA78-480D-9C08-4C4F8E3D2FC7}.Debug|x64.Build.0 = Debug|Any CPU
		{495F23F2-CA78-480D-9C08-4C4F8E3D2FC7}.Debug|x86.ActiveCfg = Debug|Any CPU
		{495F23F2-CA78-480D-9C08-4C4F8E3D2FC7}.Debug|x86.Build.0 = Debug|Any CPU
		{495F23F2-CA78-480D-9C08-4C4F8E3D2FC7}.Release|Any CPU.ActiveCfg = Release|Any CPU
		{495F23F2-CA78-480D-9C08-4C4F8E3D2FC7}.Release|Any CPU.Build.0 = Release|Any CPU
		{495F23F2-CA78-480D-9C08-4C4F8E3D2FC7}.Release|x64.ActiveCfg = Release|Any CPU
		{495F23F2-CA78-480D-9C08-4C4F8E3D2FC7}.Release|x64.Build.0 = Release|Any CPU
		{495F23F2-CA78-480D-9C08-4C4F8E3D2FC7}.Release|x86.ActiveCfg = Release|Any CPU
		{495F23F2-CA78-480D-9C08-4C4F8E3D2FC7}.Release|x86.Build.0 = Release|Any CPU
		{EA5EC58B-8B6D-9F33-85E4-12A35F2F2289}.Debug|Any CPU.ActiveCfg = Debug|Any CPU
		{EA5EC58B-8B6D-9F33-85E4-12A35F2F2289}.Debug|Any CPU.Build.0 = Debug|Any CPU
		{EA5EC58B-8B6D-9F33-85E4-12A35F2F2289}.Debug|x64.ActiveCfg = Debug|Any CPU
		{EA5EC58B-8B6D-9F33-85E4-12A35F2F2289}.Debug|x64.Build.0 = Debug|Any CPU
		{EA5EC58B-8B6D-9F33-85E4-12A35F2F2289}.Debug|x86.ActiveCfg = Debug|Any CPU
		{EA5EC58B-8B6D-9F33-85E4-12A35F2F2289}.Debug|x86.Build.0 = Debug|Any CPU
		{EA5EC58B-8B6D-9F33-85E4-12A35F2F2289}.Release|Any CPU.ActiveCfg = Release|Any CPU
		{EA5EC58B-8B6D-9F33-85E4-12A35F2F2289}.Release|Any CPU.Build.0 = Release|Any CPU
		{EA5EC58B-8B6D-9F33-85E4-12A35F2F2289}.Release|x64.ActiveCfg = Release|Any CPU
		{EA5EC58B-8B6D-9F33-85E4-12A35F2F2289}.Release|x64.Build.0 = Release|Any CPU
		{EA5EC58B-8B6D-9F33-85E4-12A35F2F2289}.Release|x86.ActiveCfg = Release|Any CPU
		{EA5EC58B-8B6D-9F33-85E4-12A35F2F2289}.Release|x86.Build.0 = Release|Any CPU
		{881709B0-A29F-3EBD-1621-4EB52F0313D1}.Debug|Any CPU.ActiveCfg = Debug|Any CPU
		{881709B0-A29F-3EBD-1621-4EB52F0313D1}.Debug|Any CPU.Build.0 = Debug|Any CPU
		{881709B0-A29F-3EBD-1621-4EB52F0313D1}.Debug|x64.ActiveCfg = Debug|Any CPU
		{881709B0-A29F-3EBD-1621-4EB52F0313D1}.Debug|x64.Build.0 = Debug|Any CPU
		{881709B0-A29F-3EBD-1621-4EB52F0313D1}.Debug|x86.ActiveCfg = Debug|Any CPU
		{881709B0-A29F-3EBD-1621-4EB52F0313D1}.Debug|x86.Build.0 = Debug|Any CPU
		{881709B0-A29F-3EBD-1621-4EB52F0313D1}.Release|Any CPU.ActiveCfg = Release|Any CPU
		{881709B0-A29F-3EBD-1621-4EB52F0313D1}.Release|Any CPU.Build.0 = Release|Any CPU
		{881709B0-A29F-3EBD-1621-4EB52F0313D1}.Release|x64.ActiveCfg = Release|Any CPU
		{881709B0-A29F-3EBD-1621-4EB52F0313D1}.Release|x64.Build.0 = Release|Any CPU
		{881709B0-A29F-3EBD-1621-4EB52F0313D1}.Release|x86.ActiveCfg = Release|Any CPU
		{881709B0-A29F-3EBD-1621-4EB52F0313D1}.Release|x86.Build.0 = Release|Any CPU
		{4DC63F6D-F224-25D5-BB69-94B9DD95C085}.Debug|Any CPU.ActiveCfg = Debug|Any CPU
		{4DC63F6D-F224-25D5-BB69-94B9DD95C085}.Debug|Any CPU.Build.0 = Debug|Any CPU
		{4DC63F6D-F224-25D5-BB69-94B9DD95C085}.Debug|x64.ActiveCfg = Debug|Any CPU
		{4DC63F6D-F224-25D5-BB69-94B9DD95C085}.Debug|x64.Build.0 = Debug|Any CPU
		{4DC63F6D-F224-25D5-BB69-94B9DD95C085}.Debug|x86.ActiveCfg = Debug|Any CPU
		{4DC63F6D-F224-25D5-BB69-94B9DD95C085}.Debug|x86.Build.0 = Debug|Any CPU
		{4DC63F6D-F224-25D5-BB69-94B9DD95C085}.Release|Any CPU.ActiveCfg = Release|Any CPU
		{4DC63F6D-F224-25D5-BB69-94B9DD95C085}.Release|Any CPU.Build.0 = Release|Any CPU
		{4DC63F6D-F224-25D5-BB69-94B9DD95C085}.Release|x64.ActiveCfg = Release|Any CPU
		{4DC63F6D-F224-25D5-BB69-94B9DD95C085}.Release|x64.Build.0 = Release|Any CPU
		{4DC63F6D-F224-25D5-BB69-94B9DD95C085}.Release|x86.ActiveCfg = Release|Any CPU
		{4DC63F6D-F224-25D5-BB69-94B9DD95C085}.Release|x86.Build.0 = Release|Any CPU
		{65B858B0-FA7C-8D60-ADB1-EB168B88825D}.Debug|Any CPU.ActiveCfg = Debug|Any CPU
		{65B858B0-FA7C-8D60-ADB1-EB168B88825D}.Debug|Any CPU.Build.0 = Debug|Any CPU
		{65B858B0-FA7C-8D60-ADB1-EB168B88825D}.Debug|x64.ActiveCfg = Debug|Any CPU
		{65B858B0-FA7C-8D60-ADB1-EB168B88825D}.Debug|x64.Build.0 = Debug|Any CPU
		{65B858B0-FA7C-8D60-ADB1-EB168B88825D}.Debug|x86.ActiveCfg = Debug|Any CPU
		{65B858B0-FA7C-8D60-ADB1-EB168B88825D}.Debug|x86.Build.0 = Debug|Any CPU
		{65B858B0-FA7C-8D60-ADB1-EB168B88825D}.Release|Any CPU.ActiveCfg = Release|Any CPU
		{65B858B0-FA7C-8D60-ADB1-EB168B88825D}.Release|Any CPU.Build.0 = Release|Any CPU
		{65B858B0-FA7C-8D60-ADB1-EB168B88825D}.Release|x64.ActiveCfg = Release|Any CPU
		{65B858B0-FA7C-8D60-ADB1-EB168B88825D}.Release|x64.Build.0 = Release|Any CPU
		{65B858B0-FA7C-8D60-ADB1-EB168B88825D}.Release|x86.ActiveCfg = Release|Any CPU
		{65B858B0-FA7C-8D60-ADB1-EB168B88825D}.Release|x86.Build.0 = Release|Any CPU
		{816F716E-D1A4-20E6-068E-4A1C8F0CE378}.Debug|Any CPU.ActiveCfg = Debug|Any CPU
		{816F716E-D1A4-20E6-068E-4A1C8F0CE378}.Debug|Any CPU.Build.0 = Debug|Any CPU
		{816F716E-D1A4-20E6-068E-4A1C8F0CE378}.Debug|x64.ActiveCfg = Debug|Any CPU
		{816F716E-D1A4-20E6-068E-4A1C8F0CE378}.Debug|x64.Build.0 = Debug|Any CPU
		{816F716E-D1A4-20E6-068E-4A1C8F0CE378}.Debug|x86.ActiveCfg = Debug|Any CPU
		{816F716E-D1A4-20E6-068E-4A1C8F0CE378}.Debug|x86.Build.0 = Debug|Any CPU
		{816F716E-D1A4-20E6-068E-4A1C8F0CE378}.Release|Any CPU.ActiveCfg = Release|Any CPU
		{816F716E-D1A4-20E6-068E-4A1C8F0CE378}.Release|Any CPU.Build.0 = Release|Any CPU
		{816F716E-D1A4-20E6-068E-4A1C8F0CE378}.Release|x64.ActiveCfg = Release|Any CPU
		{816F716E-D1A4-20E6-068E-4A1C8F0CE378}.Release|x64.Build.0 = Release|Any CPU
		{816F716E-D1A4-20E6-068E-4A1C8F0CE378}.Release|x86.ActiveCfg = Release|Any CPU
		{816F716E-D1A4-20E6-068E-4A1C8F0CE378}.Release|x86.Build.0 = Release|Any CPU
		{0B53D0A6-BA48-4DAB-BD06-54DD91499542}.Debug|Any CPU.ActiveCfg = Debug|Any CPU
		{0B53D0A6-BA48-4DAB-BD06-54DD91499542}.Debug|Any CPU.Build.0 = Debug|Any CPU
		{0B53D0A6-BA48-4DAB-BD06-54DD91499542}.Debug|x64.ActiveCfg = Debug|Any CPU
		{0B53D0A6-BA48-4DAB-BD06-54DD91499542}.Debug|x64.Build.0 = Debug|Any CPU
		{0B53D0A6-BA48-4DAB-BD06-54DD91499542}.Debug|x86.ActiveCfg = Debug|Any CPU
		{0B53D0A6-BA48-4DAB-BD06-54DD91499542}.Debug|x86.Build.0 = Debug|Any CPU
		{0B53D0A6-BA48-4DAB-BD06-54DD91499542}.Release|Any CPU.ActiveCfg = Release|Any CPU
		{0B53D0A6-BA48-4DAB-BD06-54DD91499542}.Release|Any CPU.Build.0 = Release|Any CPU
		{0B53D0A6-BA48-4DAB-BD06-54DD91499542}.Release|x64.ActiveCfg = Release|Any CPU
		{0B53D0A6-BA48-4DAB-BD06-54DD91499542}.Release|x64.Build.0 = Release|Any CPU
		{0B53D0A6-BA48-4DAB-BD06-54DD91499542}.Release|x86.ActiveCfg = Release|Any CPU
		{0B53D0A6-BA48-4DAB-BD06-54DD91499542}.Release|x86.Build.0 = Release|Any CPU
		{14B4C883-1005-454C-9C33-9DFAE9D40E16}.Debug|Any CPU.ActiveCfg = Debug|Any CPU
		{14B4C883-1005-454C-9C33-9DFAE9D40E16}.Debug|Any CPU.Build.0 = Debug|Any CPU
		{14B4C883-1005-454C-9C33-9DFAE9D40E16}.Debug|x64.ActiveCfg = Debug|Any CPU
		{14B4C883-1005-454C-9C33-9DFAE9D40E16}.Debug|x64.Build.0 = Debug|Any CPU
		{14B4C883-1005-454C-9C33-9DFAE9D40E16}.Debug|x86.ActiveCfg = Debug|Any CPU
		{14B4C883-1005-454C-9C33-9DFAE9D40E16}.Debug|x86.Build.0 = Debug|Any CPU
		{14B4C883-1005-454C-9C33-9DFAE9D40E16}.Release|Any CPU.ActiveCfg = Release|Any CPU
		{14B4C883-1005-454C-9C33-9DFAE9D40E16}.Release|Any CPU.Build.0 = Release|Any CPU
		{14B4C883-1005-454C-9C33-9DFAE9D40E16}.Release|x64.ActiveCfg = Release|Any CPU
		{14B4C883-1005-454C-9C33-9DFAE9D40E16}.Release|x64.Build.0 = Release|Any CPU
		{14B4C883-1005-454C-9C33-9DFAE9D40E16}.Release|x86.ActiveCfg = Release|Any CPU
		{14B4C883-1005-454C-9C33-9DFAE9D40E16}.Release|x86.Build.0 = Release|Any CPU
		{7BF16523-2F88-4E37-B5D7-FB12CB4C6101}.Debug|Any CPU.ActiveCfg = Debug|Any CPU
		{7BF16523-2F88-4E37-B5D7-FB12CB4C6101}.Debug|Any CPU.Build.0 = Debug|Any CPU
		{7BF16523-2F88-4E37-B5D7-FB12CB4C6101}.Debug|x64.ActiveCfg = Debug|Any CPU
		{7BF16523-2F88-4E37-B5D7-FB12CB4C6101}.Debug|x64.Build.0 = Debug|Any CPU
		{7BF16523-2F88-4E37-B5D7-FB12CB4C6101}.Debug|x86.ActiveCfg = Debug|Any CPU
		{7BF16523-2F88-4E37-B5D7-FB12CB4C6101}.Debug|x86.Build.0 = Debug|Any CPU
		{7BF16523-2F88-4E37-B5D7-FB12CB4C6101}.Release|Any CPU.ActiveCfg = Release|Any CPU
		{7BF16523-2F88-4E37-B5D7-FB12CB4C6101}.Release|Any CPU.Build.0 = Release|Any CPU
		{7BF16523-2F88-4E37-B5D7-FB12CB4C6101}.Release|x64.ActiveCfg = Release|Any CPU
		{7BF16523-2F88-4E37-B5D7-FB12CB4C6101}.Release|x64.Build.0 = Release|Any CPU
		{7BF16523-2F88-4E37-B5D7-FB12CB4C6101}.Release|x86.ActiveCfg = Release|Any CPU
		{7BF16523-2F88-4E37-B5D7-FB12CB4C6101}.Release|x86.Build.0 = Release|Any CPU
		{B1891A6A-2464-4B74-8505-B7E64CA502AE}.Debug|Any CPU.ActiveCfg = Debug|Any CPU
		{B1891A6A-2464-4B74-8505-B7E64CA502AE}.Debug|Any CPU.Build.0 = Debug|Any CPU
		{B1891A6A-2464-4B74-8505-B7E64CA502AE}.Debug|x64.ActiveCfg = Debug|Any CPU
		{B1891A6A-2464-4B74-8505-B7E64CA502AE}.Debug|x64.Build.0 = Debug|Any CPU
		{B1891A6A-2464-4B74-8505-B7E64CA502AE}.Debug|x86.ActiveCfg = Debug|Any CPU
		{B1891A6A-2464-4B74-8505-B7E64CA502AE}.Debug|x86.Build.0 = Debug|Any CPU
		{B1891A6A-2464-4B74-8505-B7E64CA502AE}.Release|Any CPU.ActiveCfg = Release|Any CPU
		{B1891A6A-2464-4B74-8505-B7E64CA502AE}.Release|Any CPU.Build.0 = Release|Any CPU
		{B1891A6A-2464-4B74-8505-B7E64CA502AE}.Release|x64.ActiveCfg = Release|Any CPU
		{B1891A6A-2464-4B74-8505-B7E64CA502AE}.Release|x64.Build.0 = Release|Any CPU
		{B1891A6A-2464-4B74-8505-B7E64CA502AE}.Release|x86.ActiveCfg = Release|Any CPU
		{B1891A6A-2464-4B74-8505-B7E64CA502AE}.Release|x86.Build.0 = Release|Any CPU
		{80BB8B4D-12D4-09F7-E8D1-D22EE514024F}.Debug|Any CPU.ActiveCfg = Debug|Any CPU
		{80BB8B4D-12D4-09F7-E8D1-D22EE514024F}.Debug|Any CPU.Build.0 = Debug|Any CPU
		{80BB8B4D-12D4-09F7-E8D1-D22EE514024F}.Debug|x64.ActiveCfg = Debug|Any CPU
		{80BB8B4D-12D4-09F7-E8D1-D22EE514024F}.Debug|x64.Build.0 = Debug|Any CPU
		{80BB8B4D-12D4-09F7-E8D1-D22EE514024F}.Debug|x86.ActiveCfg = Debug|Any CPU
		{80BB8B4D-12D4-09F7-E8D1-D22EE514024F}.Debug|x86.Build.0 = Debug|Any CPU
		{80BB8B4D-12D4-09F7-E8D1-D22EE514024F}.Release|Any CPU.ActiveCfg = Release|Any CPU
		{80BB8B4D-12D4-09F7-E8D1-D22EE514024F}.Release|Any CPU.Build.0 = Release|Any CPU
		{80BB8B4D-12D4-09F7-E8D1-D22EE514024F}.Release|x64.ActiveCfg = Release|Any CPU
		{80BB8B4D-12D4-09F7-E8D1-D22EE514024F}.Release|x64.Build.0 = Release|Any CPU
		{80BB8B4D-12D4-09F7-E8D1-D22EE514024F}.Release|x86.ActiveCfg = Release|Any CPU
		{80BB8B4D-12D4-09F7-E8D1-D22EE514024F}.Release|x86.Build.0 = Release|Any CPU
		{A3F2CEE0-75A9-B6D1-47DC-487E9484BE1D}.Debug|Any CPU.ActiveCfg = Debug|Any CPU
		{A3F2CEE0-75A9-B6D1-47DC-487E9484BE1D}.Debug|Any CPU.Build.0 = Debug|Any CPU
		{A3F2CEE0-75A9-B6D1-47DC-487E9484BE1D}.Debug|x64.ActiveCfg = Debug|Any CPU
		{A3F2CEE0-75A9-B6D1-47DC-487E9484BE1D}.Debug|x64.Build.0 = Debug|Any CPU
		{A3F2CEE0-75A9-B6D1-47DC-487E9484BE1D}.Debug|x86.ActiveCfg = Debug|Any CPU
		{A3F2CEE0-75A9-B6D1-47DC-487E9484BE1D}.Debug|x86.Build.0 = Debug|Any CPU
		{A3F2CEE0-75A9-B6D1-47DC-487E9484BE1D}.Release|Any CPU.ActiveCfg = Release|Any CPU
		{A3F2CEE0-75A9-B6D1-47DC-487E9484BE1D}.Release|Any CPU.Build.0 = Release|Any CPU
		{A3F2CEE0-75A9-B6D1-47DC-487E9484BE1D}.Release|x64.ActiveCfg = Release|Any CPU
		{A3F2CEE0-75A9-B6D1-47DC-487E9484BE1D}.Release|x64.Build.0 = Release|Any CPU
		{A3F2CEE0-75A9-B6D1-47DC-487E9484BE1D}.Release|x86.ActiveCfg = Release|Any CPU
		{A3F2CEE0-75A9-B6D1-47DC-487E9484BE1D}.Release|x86.Build.0 = Release|Any CPU
	EndGlobalSection
	GlobalSection(SolutionProperties) = preSolution
		HideSolutionNode = FALSE
	EndGlobalSection
	GlobalSection(NestedProjects) = preSolution
		{0B53D0A6-BA48-4DAB-BD06-54DD91499542} = {903905F7-D8C4-8B2E-3599-70A1A5AE4161}
		{14B4C883-1005-454C-9C33-9DFAE9D40E16} = {903905F7-D8C4-8B2E-3599-70A1A5AE4161}
		{7BF16523-2F88-4E37-B5D7-FB12CB4C6101} = {E596239B-AFCE-FD43-2970-6AFFB9D9876E}
		{B1891A6A-2464-4B74-8505-B7E64CA502AE} = {ADC03A9B-BA04-371B-72B1-70819D0F5BEB}
		{80BB8B4D-12D4-09F7-E8D1-D22EE514024F} = {ADC03A9B-BA04-371B-72B1-70819D0F5BEB}
		{A3F2CEE0-75A9-B6D1-47DC-487E9484BE1D} = {E596239B-AFCE-FD43-2970-6AFFB9D9876E}
	EndGlobalSection
	GlobalSection(ExtensibilityGlobals) = postSolution
		SolutionGuid = {C0C89143-7E2F-41DD-BD67-F5BC7DB6BB4B}
	EndGlobalSection
	GlobalSection(SharedMSBuildProjectFiles) = preSolution
		LogCtx\LogCtxShared\LogCtxShared.projitems*{816f716e-d1a4-20e6-068e-4a1c8f0ce378}*SharedItemsImports = 5
	EndGlobalSection
EndGlobal
