
Microsoft Visual Studio Solution File, Format Version 12.00
# Visual Studio Version 17
VisualStudioVersion = 17.11.35312.102
MinimumVisualStudioVersion = 10.0.40219.1
Project("{9A19103F-16F7-4668-BE54-9A1E7A4F7556}") = "UnitTests", "UnitTests\UnitTests.csproj", "{E0724151-FEA3-4332-87A9-BC75974A5AD8}"
EndProject
Project("{D954291E-2A0B-460D-934E-DC6B0785DB48}") = "SeriLogShared", "LogCtx\SeriLogShared\SeriLogShared.shproj", "{20D441B5-5A67-4BD2-85AB-5B8A98D1F907}"
EndProject
Project("{2150E333-8FDC-42A3-9474-1A3956D46DE8}") = "Shared", "Shared", "{53AFF8FD-EBC6-4A3D-8E96-27201177A44C}"
EndProject
Project("{D954291E-2A0B-460D-934E-DC6B0785DB48}") = "LogCtxShared", "LogCtx\LogCtxShared\LogCtxShared.shproj", "{7EC4223B-6D17-4608-816E-CD1E6A5411D9}"
EndProject
Project("{D954291E-2A0B-460D-934E-DC6B0785DB48}") = "NLogShared", "LogCtx\NLogShared\NLogShared.shproj", "{EBBB11C7-70A0-41D7-A255-5F47E6F30091}"
EndProject
Project("{2150E333-8FDC-42A3-9474-1A3956D46DE8}") = "Core", "Core", "{02EA681E-C7D8-13C7-8484-4AC65E1B71E8}"
EndProject
Project("{FAE04EC0-301F-11D3-BF4B-00C04F79EFBC}") = "Core", "Core\Core.csproj", "{4F752466-BF43-4D4B-800C-6E9221C9A4C4}"
EndProject
Project("{2150E333-8FDC-42A3-9474-1A3956D46DE8}") = "Constants", "Constants", "{5DCFDE58-92D6-42E2-A762-73AE2AF7BDA4}"
EndProject
Project("{FAE04EC0-301F-11D3-BF4B-00C04F79EFBC}") = "Constants", "Constants\Constants.csproj", "{495F23F2-CA78-480D-9C08-4C4F8E3D2FC7}"
EndProject
Project("{FAE04EC0-301F-11D3-BF4B-00C04F79EFBC}") = "Handlers", "Handlers\Handlers.csproj", "{EA5EC58B-8B6D-9F33-85E4-12A35F2F2289}"
EndProject
Project("{FAE04EC0-301F-11D3-BF4B-00C04F79EFBC}") = "RecentFiles", "RecentFiles\RecentFiles.csproj", "{881709B0-A29F-3EBD-1621-4EB52F0313D1}"
EndProject
Project("{FAE04EC0-301F-11D3-BF4B-00C04F79EFBC}") = "Configuration", "Configuration\Configuration.csproj", "{4DC63F6D-F224-25D5-BB69-94B9DD95C085}"
EndProject
Project("{FAE04EC0-301F-11D3-BF4B-00C04F79EFBC}") = "Utils", "Utils\Utils.csproj", "{65B858B0-FA7C-8D60-ADB1-EB168B88825D}"
EndProject
Project("{2150E333-8FDC-42A3-9474-1A3956D46DE8}") = "UI", "UI", "{D25D7211-E5B4-4BB9-B618-7377133B9EB1}"
EndProject
Project("{FAE04EC0-301F-11D3-BF4B-00C04F79EFBC}") = "VecTool.UI.WinUI", "UI\VecTool.UI.WinUI\VecTool.UI.WinUI.csproj", "{9496644A-2BF4-4460-A4EF-E77A5A2A22E8}"
EndProject
Project("{FAE04EC0-301F-11D3-BF4B-00C04F79EFBC}") = "VecTool.WinUI.Tests", "Tests\VecTool.WinUI.Tests\VecTool.WinUI.Tests.csproj", "{90534E87-2BA4-456D-A453-B1F836C55070}"
EndProject
Project("{FAE04EC0-301F-11D3-BF4B-00C04F79EFBC}") = "VecTool.WinUI.TestMS", "Tests\VecTool.WinUI.TestMS\VecTool.WinUI.TestMS.csproj", "{B07EAFF0-8AD9-4AAA-8FC7-97D80F460C85}"
EndProject
Project("{2150E333-8FDC-42A3-9474-1A3956D46DE8}") = "Solution Items", "Solution Items", "{8EC462FD-D22E-90A8-E5CE-7E832BA40C5D}"
	ProjectSection(SolutionItems) = preProject
		UI\NLog.config = UI\NLog.config
	EndProjectSection
EndProject
Global
	GlobalSection(SolutionConfigurationPlatforms) = preSolution
		Debug|Any CPU = Debug|Any CPU
		Release|Any CPU = Release|Any CPU
	EndGlobalSection
	GlobalSection(ProjectConfigurationPlatforms) = postSolution
		{E0724151-FEA3-4332-87A9-BC75974A5AD8}.Debug|Any CPU.ActiveCfg = Debug|Any CPU
		{E0724151-FEA3-4332-87A9-BC75974A5AD8}.Debug|Any CPU.Build.0 = Debug|Any CPU
		{E0724151-FEA3-4332-87A9-BC75974A5AD8}.Release|Any CPU.ActiveCfg = Release|Any CPU
		{E0724151-FEA3-4332-87A9-BC75974A5AD8}.Release|Any CPU.Build.0 = Release|Any CPU
		{4F752466-BF43-4D4B-800C-6E9221C9A4C4}.Debug|Any CPU.ActiveCfg = Debug|Any CPU
		{4F752466-BF43-4D4B-800C-6E9221C9A4C4}.Debug|Any CPU.Build.0 = Debug|Any CPU
		{4F752466-BF43-4D4B-800C-6E9221C9A4C4}.Release|Any CPU.ActiveCfg = Release|Any CPU
		{4F752466-BF43-4D4B-800C-6E9221C9A4C4}.Release|Any CPU.Build.0 = Release|Any CPU
		{495F23F2-CA78-480D-9C08-4C4F8E3D2FC7}.Debug|Any CPU.ActiveCfg = Debug|Any CPU
		{495F23F2-CA78-480D-9C08-4C4F8E3D2FC7}.Debug|Any CPU.Build.0 = Debug|Any CPU
		{495F23F2-CA78-480D-9C08-4C4F8E3D2FC7}.Release|Any CPU.ActiveCfg = Release|Any CPU
		{495F23F2-CA78-480D-9C08-4C4F8E3D2FC7}.Release|Any CPU.Build.0 = Release|Any CPU
		{EA5EC58B-8B6D-9F33-85E4-12A35F2F2289}.Debug|Any CPU.ActiveCfg = Debug|Any CPU
		{EA5EC58B-8B6D-9F33-85E4-12A35F2F2289}.Debug|Any CPU.Build.0 = Debug|Any CPU
		{EA5EC58B-8B6D-9F33-85E4-12A35F2F2289}.Release|Any CPU.ActiveCfg = Release|Any CPU
		{EA5EC58B-8B6D-9F33-85E4-12A35F2F2289}.Release|Any CPU.Build.0 = Release|Any CPU
		{881709B0-A29F-3EBD-1621-4EB52F0313D1}.Debug|Any CPU.ActiveCfg = Debug|Any CPU
		{881709B0-A29F-3EBD-1621-4EB52F0313D1}.Debug|Any CPU.Build.0 = Debug|Any CPU
		{881709B0-A29F-3EBD-1621-4EB52F0313D1}.Release|Any CPU.ActiveCfg = Release|Any CPU
		{881709B0-A29F-3EBD-1621-4EB52F0313D1}.Release|Any CPU.Build.0 = Release|Any CPU
		{4DC63F6D-F224-25D5-BB69-94B9DD95C085}.Debug|Any CPU.ActiveCfg = Debug|Any CPU
		{4DC63F6D-F224-25D5-BB69-94B9DD95C085}.Debug|Any CPU.Build.0 = Debug|Any CPU
		{4DC63F6D-F224-25D5-BB69-94B9DD95C085}.Release|Any CPU.ActiveCfg = Release|Any CPU
		{4DC63F6D-F224-25D5-BB69-94B9DD95C085}.Release|Any CPU.Build.0 = Release|Any CPU
		{65B858B0-FA7C-8D60-ADB1-EB168B88825D}.Debug|Any CPU.ActiveCfg = Debug|Any CPU
		{65B858B0-FA7C-8D60-ADB1-EB168B88825D}.Debug|Any CPU.Build.0 = Debug|Any CPU
		{65B858B0-FA7C-8D60-ADB1-EB168B88825D}.Release|Any CPU.ActiveCfg = Release|Any CPU
		{65B858B0-FA7C-8D60-ADB1-EB168B88825D}.Release|Any CPU.Build.0 = Release|Any CPU
		{9496644A-2BF4-4460-A4EF-E77A5A2A22E8}.Debug|Any CPU.ActiveCfg = Debug|x64
		{9496644A-2BF4-4460-A4EF-E77A5A2A22E8}.Debug|Any CPU.Build.0 = Debug|x64
		{9496644A-2BF4-4460-A4EF-E77A5A2A22E8}.Debug|Any CPU.Deploy.0 = Debug|x64
		{9496644A-2BF4-4460-A4EF-E77A5A2A22E8}.Release|Any CPU.ActiveCfg = Release|x64
		{9496644A-2BF4-4460-A4EF-E77A5A2A22E8}.Release|Any CPU.Build.0 = Release|x64
		{9496644A-2BF4-4460-A4EF-E77A5A2A22E8}.Release|Any CPU.Deploy.0 = Release|x64
		{90534E87-2BA4-456D-A453-B1F836C55070}.Debug|Any CPU.ActiveCfg = Debug|x64
		{90534E87-2BA4-456D-A453-B1F836C55070}.Debug|Any CPU.Build.0 = Debug|x64
		{90534E87-2BA4-456D-A453-B1F836C55070}.Release|Any CPU.ActiveCfg = Release|Any CPU
		{90534E87-2BA4-456D-A453-B1F836C55070}.Release|Any CPU.Build.0 = Release|Any CPU
		{B07EAFF0-8AD9-4AAA-8FC7-97D80F460C85}.Debug|Any CPU.ActiveCfg = Debug|x64
		{B07EAFF0-8AD9-4AAA-8FC7-97D80F460C85}.Debug|Any CPU.Build.0 = Debug|x64
		{B07EAFF0-8AD9-4AAA-8FC7-97D80F460C85}.Debug|Any CPU.Deploy.0 = Debug|x64
		{B07EAFF0-8AD9-4AAA-8FC7-97D80F460C85}.Release|Any CPU.ActiveCfg = Release|x64
		{B07EAFF0-8AD9-4AAA-8FC7-97D80F460C85}.Release|Any CPU.Build.0 = Release|x64
		{B07EAFF0-8AD9-4AAA-8FC7-97D80F460C85}.Release|Any CPU.Deploy.0 = Release|x64
	EndGlobalSection
	GlobalSection(SolutionProperties) = preSolution
		HideSolutionNode = FALSE
	EndGlobalSection
	GlobalSection(NestedProjects) = preSolution
		{20D441B5-5A67-4BD2-85AB-5B8A98D1F907} = {53AFF8FD-EBC6-4A3D-8E96-27201177A44C}
		{7EC4223B-6D17-4608-816E-CD1E6A5411D9} = {53AFF8FD-EBC6-4A3D-8E96-27201177A44C}
		{EBBB11C7-70A0-41D7-A255-5F47E6F30091} = {53AFF8FD-EBC6-4A3D-8E96-27201177A44C}
		{4F752466-BF43-4D4B-800C-6E9221C9A4C4} = {02EA681E-C7D8-13C7-8484-4AC65E1B71E8}
		{495F23F2-CA78-480D-9C08-4C4F8E3D2FC7} = {5DCFDE58-92D6-42E2-A762-73AE2AF7BDA4}
		{9496644A-2BF4-4460-A4EF-E77A5A2A22E8} = {D25D7211-E5B4-4BB9-B618-7377133B9EB1}
		{90534E87-2BA4-456D-A453-B1F836C55070} = {D25D7211-E5B4-4BB9-B618-7377133B9EB1}
		{B07EAFF0-8AD9-4AAA-8FC7-97D80F460C85} = {D25D7211-E5B4-4BB9-B618-7377133B9EB1}
	EndGlobalSection
	GlobalSection(ExtensibilityGlobals) = postSolution
		SolutionGuid = {C0C89143-7E2F-41DD-BD67-F5BC7DB6BB4B}
	EndGlobalSection
	GlobalSection(SharedMSBuildProjectFiles) = preSolution
		LogCtx\SeriLogShared\SeriLogShared.projitems*{20d441b5-5a67-4bd2-85ab-5b8a98d1f907}*SharedItemsImports = 13
		LogCtx\LogCtxShared\LogCtxShared.projitems*{7ec4223b-6d17-4608-816e-cd1e6a5411d9}*SharedItemsImports = 13
		LogCtx\NLogShared\NLogShared.projitems*{ebbb11c7-70a0-41d7-a255-5f47e6f30091}*SharedItemsImports = 13
	EndGlobalSection
EndGlobal
